// !$*UTF8*$!
{
	archiveVersion = 1;
	classes = {
	};
	objectVersion = 56;
	objects = {

/* Begin PBXBuildFile section */
		9F7BFCB329BB30D9008BE36F /* Cocktail_SwiftUIApp.swift in Sources */ = {isa = PBXBuildFile; fileRef = 9F7BFCB229BB30D9008BE36F /* Cocktail_SwiftUIApp.swift */; };
		9F7BFCB529BB30D9008BE36F /* ContentView.swift in Sources */ = {isa = PBXBuildFile; fileRef = 9F7BFCB429BB30D9008BE36F /* ContentView.swift */; };
		9F7BFCB729BB30DE008BE36F /* Assets.xcassets in Resources */ = {isa = PBXBuildFile; fileRef = 9F7BFCB629BB30DE008BE36F /* Assets.xcassets */; };
		9F7BFCBA29BB30DE008BE36F /* Preview Assets.xcassets in Resources */ = {isa = PBXBuildFile; fileRef = 9F7BFCB929BB30DE008BE36F /* Preview Assets.xcassets */; };
		9F7BFCC129BB361C008BE36F /* DetailSwiftUIView.swift in Sources */ = {isa = PBXBuildFile; fileRef = 9F7BFCC029BB361C008BE36F /* DetailSwiftUIView.swift */; };
		9FE8C0D729BEC381005868C7 /* Struct.swift in Sources */ = {isa = PBXBuildFile; fileRef = 9FE8C0D629BEC381005868C7 /* Struct.swift */; };
		9FE8C0D929BEC88A005868C7 /* CocktailFetcher.swift in Sources */ = {isa = PBXBuildFile; fileRef = 9FE8C0D829BEC88A005868C7 /* CocktailFetcher.swift */; };
		9FE8C0DB29BECF5D005868C7 /* CocktailView.swift in Sources */ = {isa = PBXBuildFile; fileRef = 9FE8C0DA29BECF5D005868C7 /* CocktailView.swift */; };
		9FE8C0E029BF177C005868C7 /* ImageLoader.swift in Sources */ = {isa = PBXBuildFile; fileRef = 9FE8C0DF29BF177C005868C7 /* ImageLoader.swift */; };
		9FE8C0E829C0524E005868C7 /* WidgetKit.framework in Frameworks */ = {isa = PBXBuildFile; fileRef = 9FE8C0E729C0524E005868C7 /* WidgetKit.framework */; };
		9FE8C0EA29C0524E005868C7 /* SwiftUI.framework in Frameworks */ = {isa = PBXBuildFile; fileRef = 9FE8C0E929C0524E005868C7 /* SwiftUI.framework */; };
		9FE8C0ED29C0524E005868C7 /* ViewSizeWidgetBundle.swift in Sources */ = {isa = PBXBuildFile; fileRef = 9FE8C0EC29C0524E005868C7 /* ViewSizeWidgetBundle.swift */; };
		9FE8C0EF29C0524E005868C7 /* ViewSizeWidgetLiveActivity.swift in Sources */ = {isa = PBXBuildFile; fileRef = 9FE8C0EE29C0524E005868C7 /* ViewSizeWidgetLiveActivity.swift */; };
		9FE8C0F129C0524E005868C7 /* ViewSizeWidget.swift in Sources */ = {isa = PBXBuildFile; fileRef = 9FE8C0F029C0524E005868C7 /* ViewSizeWidget.swift */; };
		9FE8C0F329C05254005868C7 /* Assets.xcassets in Resources */ = {isa = PBXBuildFile; fileRef = 9FE8C0F229C05254005868C7 /* Assets.xcassets */; };
		9FE8C0F729C05254005868C7 /* ViewSizeWidgetExtension.appex in Embed Foundation Extensions */ = {isa = PBXBuildFile; fileRef = 9FE8C0E529C0524E005868C7 /* ViewSizeWidgetExtension.appex */; settings = {ATTRIBUTES = (RemoveHeadersOnCopy, ); }; };
/* End PBXBuildFile section */

/* Begin PBXContainerItemProxy section */
		9FE8C0F529C05254005868C7 /* PBXContainerItemProxy */ = {
			isa = PBXContainerItemProxy;
			containerPortal = 9F7BFCA729BB30D9008BE36F /* Project object */;
			proxyType = 1;
			remoteGlobalIDString = 9FE8C0E429C0524E005868C7;
			remoteInfo = ViewSizeWidgetExtension;
		};
/* End PBXContainerItemProxy section */

/* Begin PBXCopyFilesBuildPhase section */
		9FE8C0FB29C05254005868C7 /* Embed Foundation Extensions */ = {
			isa = PBXCopyFilesBuildPhase;
			buildActionMask = 2147483647;
			dstPath = "";
			dstSubfolderSpec = 13;
			files = (
				9FE8C0F729C05254005868C7 /* ViewSizeWidgetExtension.appex in Embed Foundation Extensions */,
			);
			name = "Embed Foundation Extensions";
			runOnlyForDeploymentPostprocessing = 0;
		};
/* End PBXCopyFilesBuildPhase section */

/* Begin PBXFileReference section */
		9F7BFCAF29BB30D9008BE36F /* Cocktail_SwiftUI.app */ = {isa = PBXFileReference; explicitFileType = wrapper.application; includeInIndex = 0; path = Cocktail_SwiftUI.app; sourceTree = BUILT_PRODUCTS_DIR; };
		9F7BFCB229BB30D9008BE36F /* Cocktail_SwiftUIApp.swift */ = {isa = PBXFileReference; lastKnownFileType = sourcecode.swift; path = Cocktail_SwiftUIApp.swift; sourceTree = "<group>"; };
		9F7BFCB429BB30D9008BE36F /* ContentView.swift */ = {isa = PBXFileReference; lastKnownFileType = sourcecode.swift; path = ContentView.swift; sourceTree = "<group>"; };
		9F7BFCB629BB30DE008BE36F /* Assets.xcassets */ = {isa = PBXFileReference; lastKnownFileType = folder.assetcatalog; path = Assets.xcassets; sourceTree = "<group>"; };
		9F7BFCB929BB30DE008BE36F /* Preview Assets.xcassets */ = {isa = PBXFileReference; lastKnownFileType = folder.assetcatalog; path = "Preview Assets.xcassets"; sourceTree = "<group>"; };
		9F7BFCC029BB361C008BE36F /* DetailSwiftUIView.swift */ = {isa = PBXFileReference; lastKnownFileType = sourcecode.swift; path = DetailSwiftUIView.swift; sourceTree = "<group>"; };
		9FE8C0D629BEC381005868C7 /* Struct.swift */ = {isa = PBXFileReference; lastKnownFileType = sourcecode.swift; path = Struct.swift; sourceTree = "<group>"; };
		9FE8C0D829BEC88A005868C7 /* CocktailFetcher.swift */ = {isa = PBXFileReference; lastKnownFileType = sourcecode.swift; path = CocktailFetcher.swift; sourceTree = "<group>"; };
		9FE8C0DA29BECF5D005868C7 /* CocktailView.swift */ = {isa = PBXFileReference; lastKnownFileType = sourcecode.swift; path = CocktailView.swift; sourceTree = "<group>"; };
		9FE8C0DC29BEEB91005868C7 /* Cocktail-SwiftUI-Info.plist */ = {isa = PBXFileReference; lastKnownFileType = text.plist; path = "Cocktail-SwiftUI-Info.plist"; sourceTree = SOURCE_ROOT; };
		9FE8C0DF29BF177C005868C7 /* ImageLoader.swift */ = {isa = PBXFileReference; lastKnownFileType = sourcecode.swift; path = ImageLoader.swift; sourceTree = "<group>"; };
		9FE8C0E529C0524E005868C7 /* ViewSizeWidgetExtension.appex */ = {isa = PBXFileReference; explicitFileType = "wrapper.app-extension"; includeInIndex = 0; path = ViewSizeWidgetExtension.appex; sourceTree = BUILT_PRODUCTS_DIR; };
		9FE8C0E729C0524E005868C7 /* WidgetKit.framework */ = {isa = PBXFileReference; lastKnownFileType = wrapper.framework; name = WidgetKit.framework; path = System/Library/Frameworks/WidgetKit.framework; sourceTree = SDKROOT; };
		9FE8C0E929C0524E005868C7 /* SwiftUI.framework */ = {isa = PBXFileReference; lastKnownFileType = wrapper.framework; name = SwiftUI.framework; path = System/Library/Frameworks/SwiftUI.framework; sourceTree = SDKROOT; };
		9FE8C0EC29C0524E005868C7 /* ViewSizeWidgetBundle.swift */ = {isa = PBXFileReference; lastKnownFileType = sourcecode.swift; path = ViewSizeWidgetBundle.swift; sourceTree = "<group>"; };
		9FE8C0EE29C0524E005868C7 /* ViewSizeWidgetLiveActivity.swift */ = {isa = PBXFileReference; lastKnownFileType = sourcecode.swift; path = ViewSizeWidgetLiveActivity.swift; sourceTree = "<group>"; };
		9FE8C0F029C0524E005868C7 /* ViewSizeWidget.swift */ = {isa = PBXFileReference; lastKnownFileType = sourcecode.swift; path = ViewSizeWidget.swift; sourceTree = "<group>"; };
		9FE8C0F229C05254005868C7 /* Assets.xcassets */ = {isa = PBXFileReference; lastKnownFileType = folder.assetcatalog; path = Assets.xcassets; sourceTree = "<group>"; };
		9FE8C0F429C05254005868C7 /* Info.plist */ = {isa = PBXFileReference; lastKnownFileType = text.plist.xml; path = Info.plist; sourceTree = "<group>"; };
/* End PBXFileReference section */

/* Begin PBXFrameworksBuildPhase section */
		9F7BFCAC29BB30D9008BE36F /* Frameworks */ = {
			isa = PBXFrameworksBuildPhase;
			buildActionMask = 2147483647;
			files = (
			);
			runOnlyForDeploymentPostprocessing = 0;
		};
		9FE8C0E229C0524E005868C7 /* Frameworks */ = {
			isa = PBXFrameworksBuildPhase;
			buildActionMask = 2147483647;
			files = (
				9FE8C0EA29C0524E005868C7 /* SwiftUI.framework in Frameworks */,
				9FE8C0E829C0524E005868C7 /* WidgetKit.framework in Frameworks */,
			);
			runOnlyForDeploymentPostprocessing = 0;
		};
/* End PBXFrameworksBuildPhase section */

/* Begin PBXGroup section */
		9F7BFCA629BB30D9008BE36F = {
			isa = PBXGroup;
			children = (
				9F7BFCB129BB30D9008BE36F /* Cocktail_SwiftUI */,
				9FE8C0EB29C0524E005868C7 /* ViewSizeWidget */,
				9FE8C0E629C0524E005868C7 /* Frameworks */,
				9F7BFCB029BB30D9008BE36F /* Products */,
			);
			sourceTree = "<group>";
		};
		9F7BFCB029BB30D9008BE36F /* Products */ = {
			isa = PBXGroup;
			children = (
				9F7BFCAF29BB30D9008BE36F /* Cocktail_SwiftUI.app */,
				9FE8C0E529C0524E005868C7 /* ViewSizeWidgetExtension.appex */,
			);
			name = Products;
			sourceTree = "<group>";
		};
		9F7BFCB129BB30D9008BE36F /* Cocktail_SwiftUI */ = {
			isa = PBXGroup;
			children = (
				9FE8C0DC29BEEB91005868C7 /* Cocktail-SwiftUI-Info.plist */,
				9F7BFCB229BB30D9008BE36F /* Cocktail_SwiftUIApp.swift */,
				9F7BFCB429BB30D9008BE36F /* ContentView.swift */,
				9FE8C0DA29BECF5D005868C7 /* CocktailView.swift */,
				9FE8C0DF29BF177C005868C7 /* ImageLoader.swift */,
				9F7BFCC029BB361C008BE36F /* DetailSwiftUIView.swift */,
				9FE8C0D629BEC381005868C7 /* Struct.swift */,
				9FE8C0D829BEC88A005868C7 /* CocktailFetcher.swift */,
				9F7BFCB629BB30DE008BE36F /* Assets.xcassets */,
				9F7BFCB829BB30DE008BE36F /* Preview Content */,
			);
			path = Cocktail_SwiftUI;
			sourceTree = "<group>";
		};
		9F7BFCB829BB30DE008BE36F /* Preview Content */ = {
			isa = PBXGroup;
			children = (
				9F7BFCB929BB30DE008BE36F /* Preview Assets.xcassets */,
			);
			path = "Preview Content";
			sourceTree = "<group>";
		};
		9FE8C0E629C0524E005868C7 /* Frameworks */ = {
			isa = PBXGroup;
			children = (
				9FE8C0E729C0524E005868C7 /* WidgetKit.framework */,
				9FE8C0E929C0524E005868C7 /* SwiftUI.framework */,
			);
			name = Frameworks;
			sourceTree = "<group>";
		};
		9FE8C0EB29C0524E005868C7 /* ViewSizeWidget */ = {
			isa = PBXGroup;
			children = (
				9FE8C0EC29C0524E005868C7 /* ViewSizeWidgetBundle.swift */,
				9FE8C0EE29C0524E005868C7 /* ViewSizeWidgetLiveActivity.swift */,
				9FE8C0F029C0524E005868C7 /* ViewSizeWidget.swift */,
				9FE8C0F229C05254005868C7 /* Assets.xcassets */,
				9FE8C0F429C05254005868C7 /* Info.plist */,
			);
			path = ViewSizeWidget;
			sourceTree = "<group>";
		};
/* End PBXGroup section */

/* Begin PBXNativeTarget section */
		9F7BFCAE29BB30D9008BE36F /* Cocktail_SwiftUI */ = {
			isa = PBXNativeTarget;
			buildConfigurationList = 9F7BFCBD29BB30DE008BE36F /* Build configuration list for PBXNativeTarget "Cocktail_SwiftUI" */;
			buildPhases = (
				9F7BFCAB29BB30D9008BE36F /* Sources */,
				9F7BFCAC29BB30D9008BE36F /* Frameworks */,
				9F7BFCAD29BB30D9008BE36F /* Resources */,
				9FE8C0FB29C05254005868C7 /* Embed Foundation Extensions */,
			);
			buildRules = (
			);
			dependencies = (
				9FE8C0F629C05254005868C7 /* PBXTargetDependency */,
			);
			name = Cocktail_SwiftUI;
			productName = Cocktail_SwiftUI;
			productReference = 9F7BFCAF29BB30D9008BE36F /* Cocktail_SwiftUI.app */;
			productType = "com.apple.product-type.application";
		};
		9FE8C0E429C0524E005868C7 /* ViewSizeWidgetExtension */ = {
			isa = PBXNativeTarget;
			buildConfigurationList = 9FE8C0F829C05254005868C7 /* Build configuration list for PBXNativeTarget "ViewSizeWidgetExtension" */;
			buildPhases = (
				9FE8C0E129C0524E005868C7 /* Sources */,
				9FE8C0E229C0524E005868C7 /* Frameworks */,
				9FE8C0E329C0524E005868C7 /* Resources */,
			);
			buildRules = (
			);
			dependencies = (
			);
			name = ViewSizeWidgetExtension;
			productName = ViewSizeWidgetExtension;
			productReference = 9FE8C0E529C0524E005868C7 /* ViewSizeWidgetExtension.appex */;
			productType = "com.apple.product-type.app-extension";
		};
/* End PBXNativeTarget section */

/* Begin PBXProject section */
		9F7BFCA729BB30D9008BE36F /* Project object */ = {
			isa = PBXProject;
			attributes = {
				BuildIndependentTargetsInParallel = 1;
				LastSwiftUpdateCheck = 1420;
				LastUpgradeCheck = 1420;
				TargetAttributes = {
					9F7BFCAE29BB30D9008BE36F = {
						CreatedOnToolsVersion = 14.2;
					};
					9FE8C0E429C0524E005868C7 = {
						CreatedOnToolsVersion = 14.2;
					};
				};
			};
			buildConfigurationList = 9F7BFCAA29BB30D9008BE36F /* Build configuration list for PBXProject "Cocktail_SwiftUI" */;
			compatibilityVersion = "Xcode 14.0";
			developmentRegion = en;
			hasScannedForEncodings = 0;
			knownRegions = (
				en,
				Base,
			);
			mainGroup = 9F7BFCA629BB30D9008BE36F;
			productRefGroup = 9F7BFCB029BB30D9008BE36F /* Products */;
			projectDirPath = "";
			projectRoot = "";
			targets = (
				9F7BFCAE29BB30D9008BE36F /* Cocktail_SwiftUI */,
				9FE8C0E429C0524E005868C7 /* ViewSizeWidgetExtension */,
			);
		};
/* End PBXProject section */

/* Begin PBXResourcesBuildPhase section */
		9F7BFCAD29BB30D9008BE36F /* Resources */ = {
			isa = PBXResourcesBuildPhase;
			buildActionMask = 2147483647;
			files = (
				9F7BFCBA29BB30DE008BE36F /* Preview Assets.xcassets in Resources */,
				9F7BFCB729BB30DE008BE36F /* Assets.xcassets in Resources */,
			);
			runOnlyForDeploymentPostprocessing = 0;
		};
		9FE8C0E329C0524E005868C7 /* Resources */ = {
			isa = PBXResourcesBuildPhase;
			buildActionMask = 2147483647;
			files = (
				9FE8C0F329C05254005868C7 /* Assets.xcassets in Resources */,
			);
			runOnlyForDeploymentPostprocessing = 0;
		};
/* End PBXResourcesBuildPhase section */

/* Begin PBXSourcesBuildPhase section */
		9F7BFCAB29BB30D9008BE36F /* Sources */ = {
			isa = PBXSourcesBuildPhase;
			buildActionMask = 2147483647;
			files = (
				9FE8C0E029BF177C005868C7 /* ImageLoader.swift in Sources */,
				9FE8C0DB29BECF5D005868C7 /* CocktailView.swift in Sources */,
				9FE8C0D729BEC381005868C7 /* Struct.swift in Sources */,
				9F7BFCC129BB361C008BE36F /* DetailSwiftUIView.swift in Sources */,
				9F7BFCB529BB30D9008BE36F /* ContentView.swift in Sources */,
				9F7BFCB329BB30D9008BE36F /* Cocktail_SwiftUIApp.swift in Sources */,
				9FE8C0D929BEC88A005868C7 /* CocktailFetcher.swift in Sources */,
			);
			runOnlyForDeploymentPostprocessing = 0;
		};
		9FE8C0E129C0524E005868C7 /* Sources */ = {
			isa = PBXSourcesBuildPhase;
			buildActionMask = 2147483647;
			files = (
				9FE8C0F129C0524E005868C7 /* ViewSizeWidget.swift in Sources */,
				9FE8C0EF29C0524E005868C7 /* ViewSizeWidgetLiveActivity.swift in Sources */,
				9FE8C0ED29C0524E005868C7 /* ViewSizeWidgetBundle.swift in Sources */,
			);
			runOnlyForDeploymentPostprocessing = 0;
		};
/* End PBXSourcesBuildPhase section */

/* Begin PBXTargetDependency section */
		9FE8C0F629C05254005868C7 /* PBXTargetDependency */ = {
			isa = PBXTargetDependency;
			target = 9FE8C0E429C0524E005868C7 /* ViewSizeWidgetExtension */;
			targetProxy = 9FE8C0F529C05254005868C7 /* PBXContainerItemProxy */;
		};
/* End PBXTargetDependency section */

/* Begin XCBuildConfiguration section */
		9F7BFCBB29BB30DE008BE36F /* Debug */ = {
			isa = XCBuildConfiguration;
			buildSettings = {
				ALWAYS_SEARCH_USER_PATHS = NO;
				CLANG_ANALYZER_NONNULL = YES;
				CLANG_ANALYZER_NUMBER_OBJECT_CONVERSION = YES_AGGRESSIVE;
				CLANG_CXX_LANGUAGE_STANDARD = "gnu++20";
				CLANG_ENABLE_MODULES = YES;
				CLANG_ENABLE_OBJC_ARC = YES;
				CLANG_ENABLE_OBJC_WEAK = YES;
				CLANG_WARN_BLOCK_CAPTURE_AUTORELEASING = YES;
				CLANG_WARN_BOOL_CONVERSION = YES;
				CLANG_WARN_COMMA = YES;
				CLANG_WARN_CONSTANT_CONVERSION = YES;
				CLANG_WARN_DEPRECATED_OBJC_IMPLEMENTATIONS = YES;
				CLANG_WARN_DIRECT_OBJC_ISA_USAGE = YES_ERROR;
				CLANG_WARN_DOCUMENTATION_COMMENTS = YES;
				CLANG_WARN_EMPTY_BODY = YES;
				CLANG_WARN_ENUM_CONVERSION = YES;
				CLANG_WARN_INFINITE_RECURSION = YES;
				CLANG_WARN_INT_CONVERSION = YES;
				CLANG_WARN_NON_LITERAL_NULL_CONVERSION = YES;
				CLANG_WARN_OBJC_IMPLICIT_RETAIN_SELF = YES;
				CLANG_WARN_OBJC_LITERAL_CONVERSION = YES;
				CLANG_WARN_OBJC_ROOT_CLASS = YES_ERROR;
				CLANG_WARN_QUOTED_INCLUDE_IN_FRAMEWORK_HEADER = YES;
				CLANG_WARN_RANGE_LOOP_ANALYSIS = YES;
				CLANG_WARN_STRICT_PROTOTYPES = YES;
				CLANG_WARN_SUSPICIOUS_MOVE = YES;
				CLANG_WARN_UNGUARDED_AVAILABILITY = YES_AGGRESSIVE;
				CLANG_WARN_UNREACHABLE_CODE = YES;
				CLANG_WARN__DUPLICATE_METHOD_MATCH = YES;
				COPY_PHASE_STRIP = NO;
				DEBUG_INFORMATION_FORMAT = dwarf;
				ENABLE_STRICT_OBJC_MSGSEND = YES;
				ENABLE_TESTABILITY = YES;
				GCC_C_LANGUAGE_STANDARD = gnu11;
				GCC_DYNAMIC_NO_PIC = NO;
				GCC_NO_COMMON_BLOCKS = YES;
				GCC_OPTIMIZATION_LEVEL = 0;
				GCC_PREPROCESSOR_DEFINITIONS = (
					"DEBUG=1",
					"$(inherited)",
				);
				GCC_WARN_64_TO_32_BIT_CONVERSION = YES;
				GCC_WARN_ABOUT_RETURN_TYPE = YES_ERROR;
				GCC_WARN_UNDECLARED_SELECTOR = YES;
				GCC_WARN_UNINITIALIZED_AUTOS = YES_AGGRESSIVE;
				GCC_WARN_UNUSED_FUNCTION = YES;
				GCC_WARN_UNUSED_VARIABLE = YES;
				IPHONEOS_DEPLOYMENT_TARGET = 16.2;
				MTL_ENABLE_DEBUG_INFO = INCLUDE_SOURCE;
				MTL_FAST_MATH = YES;
				ONLY_ACTIVE_ARCH = YES;
				SDKROOT = iphoneos;
				SWIFT_ACTIVE_COMPILATION_CONDITIONS = DEBUG;
				SWIFT_OPTIMIZATION_LEVEL = "-Onone";
			};
			name = Debug;
		};
		9F7BFCBC29BB30DE008BE36F /* Release */ = {
			isa = XCBuildConfiguration;
			buildSettings = {
				ALWAYS_SEARCH_USER_PATHS = NO;
				CLANG_ANALYZER_NONNULL = YES;
				CLANG_ANALYZER_NUMBER_OBJECT_CONVERSION = YES_AGGRESSIVE;
				CLANG_CXX_LANGUAGE_STANDARD = "gnu++20";
				CLANG_ENABLE_MODULES = YES;
				CLANG_ENABLE_OBJC_ARC = YES;
				CLANG_ENABLE_OBJC_WEAK = YES;
				CLANG_WARN_BLOCK_CAPTURE_AUTORELEASING = YES;
				CLANG_WARN_BOOL_CONVERSION = YES;
				CLANG_WARN_COMMA = YES;
				CLANG_WARN_CONSTANT_CONVERSION = YES;
				CLANG_WARN_DEPRECATED_OBJC_IMPLEMENTATIONS = YES;
				CLANG_WARN_DIRECT_OBJC_ISA_USAGE = YES_ERROR;
				CLANG_WARN_DOCUMENTATION_COMMENTS = YES;
				CLANG_WARN_EMPTY_BODY = YES;
				CLANG_WARN_ENUM_CONVERSION = YES;
				CLANG_WARN_INFINITE_RECURSION = YES;
				CLANG_WARN_INT_CONVERSION = YES;
				CLANG_WARN_NON_LITERAL_NULL_CONVERSION = YES;
				CLANG_WARN_OBJC_IMPLICIT_RETAIN_SELF = YES;
				CLANG_WARN_OBJC_LITERAL_CONVERSION = YES;
				CLANG_WARN_OBJC_ROOT_CLASS = YES_ERROR;
				CLANG_WARN_QUOTED_INCLUDE_IN_FRAMEWORK_HEADER = YES;
				CLANG_WARN_RANGE_LOOP_ANALYSIS = YES;
				CLANG_WARN_STRICT_PROTOTYPES = YES;
				CLANG_WARN_SUSPICIOUS_MOVE = YES;
				CLANG_WARN_UNGUARDED_AVAILABILITY = YES_AGGRESSIVE;
				CLANG_WARN_UNREACHABLE_CODE = YES;
				CLANG_WARN__DUPLICATE_METHOD_MATCH = YES;
				COPY_PHASE_STRIP = NO;
				DEBUG_INFORMATION_FORMAT = "dwarf-with-dsym";
				ENABLE_NS_ASSERTIONS = NO;
				ENABLE_STRICT_OBJC_MSGSEND = YES;
				GCC_C_LANGUAGE_STANDARD = gnu11;
				GCC_NO_COMMON_BLOCKS = YES;
				GCC_WARN_64_TO_32_BIT_CONVERSION = YES;
				GCC_WARN_ABOUT_RETURN_TYPE = YES_ERROR;
				GCC_WARN_UNDECLARED_SELECTOR = YES;
				GCC_WARN_UNINITIALIZED_AUTOS = YES_AGGRESSIVE;
				GCC_WARN_UNUSED_FUNCTION = YES;
				GCC_WARN_UNUSED_VARIABLE = YES;
				IPHONEOS_DEPLOYMENT_TARGET = 16.2;
				MTL_ENABLE_DEBUG_INFO = NO;
				MTL_FAST_MATH = YES;
				SDKROOT = iphoneos;
				SWIFT_COMPILATION_MODE = wholemodule;
				SWIFT_OPTIMIZATION_LEVEL = "-O";
				VALIDATE_PRODUCT = YES;
			};
			name = Release;
		};
		9F7BFCBE29BB30DE008BE36F /* Debug */ = {
			isa = XCBuildConfiguration;
			buildSettings = {
				ALWAYS_EMBED_SWIFT_STANDARD_LIBRARIES = YES;
				ASSETCATALOG_COMPILER_APPICON_NAME = AppIcon;
				ASSETCATALOG_COMPILER_GLOBAL_ACCENT_COLOR_NAME = AccentColor;
				CODE_SIGN_STYLE = Automatic;
				CURRENT_PROJECT_VERSION = 1;
				DEVELOPMENT_ASSET_PATHS = "\"Cocktail_SwiftUI/Preview Content\"";
				DEVELOPMENT_TEAM = 9L6T99V452;
				ENABLE_PREVIEWS = YES;
				GENERATE_INFOPLIST_FILE = YES;
				INFOPLIST_FILE = "Cocktail-SwiftUI-Info.plist";
				INFOPLIST_KEY_UIApplicationSupportsIndirectInputEvents = YES;
				INFOPLIST_KEY_UILaunchScreen_Generation = YES;
				INFOPLIST_KEY_UISupportedInterfaceOrientations_iPad = "UIInterfaceOrientationPortrait UIInterfaceOrientationPortraitUpsideDown UIInterfaceOrientationLandscapeLeft UIInterfaceOrientationLandscapeRight";
				INFOPLIST_KEY_UISupportedInterfaceOrientations_iPhone = "UIInterfaceOrientationPortrait UIInterfaceOrientationLandscapeLeft UIInterfaceOrientationLandscapeRight";
				LD_RUNPATH_SEARCH_PATHS = (
					"$(inherited)",
					"@executable_path/Frameworks",
				);
				MARKETING_VERSION = 1.0;
				PRODUCT_BUNDLE_IDENTIFIER = "allen.Cocktail-SwiftUI";
				PRODUCT_NAME = "$(TARGET_NAME)";
				SWIFT_EMIT_LOC_STRINGS = YES;
				SWIFT_VERSION = 5.0;
				TARGETED_DEVICE_FAMILY = "1,2";
			};
			name = Debug;
		};
		9F7BFCBF29BB30DE008BE36F /* Release */ = {
			isa = XCBuildConfiguration;
			buildSettings = {
				ALWAYS_EMBED_SWIFT_STANDARD_LIBRARIES = YES;
				ASSETCATALOG_COMPILER_APPICON_NAME = AppIcon;
				ASSETCATALOG_COMPILER_GLOBAL_ACCENT_COLOR_NAME = AccentColor;
				CODE_SIGN_STYLE = Automatic;
				CURRENT_PROJECT_VERSION = 1;
				DEVELOPMENT_ASSET_PATHS = "\"Cocktail_SwiftUI/Preview Content\"";
				DEVELOPMENT_TEAM = 9L6T99V452;
				ENABLE_PREVIEWS = YES;
				GENERATE_INFOPLIST_FILE = YES;
				INFOPLIST_FILE = "Cocktail-SwiftUI-Info.plist";
				INFOPLIST_KEY_UIApplicationSupportsIndirectInputEvents = YES;
				INFOPLIST_KEY_UILaunchScreen_Generation = YES;
				INFOPLIST_KEY_UISupportedInterfaceOrientations_iPad = "UIInterfaceOrientationPortrait UIInterfaceOrientationPortraitUpsideDown UIInterfaceOrientationLandscapeLeft UIInterfaceOrientationLandscapeRight";
				INFOPLIST_KEY_UISupportedInterfaceOrientations_iPhone = "UIInterfaceOrientationPortrait UIInterfaceOrientationLandscapeLeft UIInterfaceOrientationLandscapeRight";
				LD_RUNPATH_SEARCH_PATHS = (
					"$(inherited)",
					"@executable_path/Frameworks",
				);
				MARKETING_VERSION = 1.0;
				PRODUCT_BUNDLE_IDENTIFIER = "allen.Cocktail-SwiftUI";
				PRODUCT_NAME = "$(TARGET_NAME)";
				SWIFT_EMIT_LOC_STRINGS = YES;
				SWIFT_VERSION = 5.0;
				TARGETED_DEVICE_FAMILY = "1,2";
			};
			name = Release;
		};
		9FE8C0F929C05254005868C7 /* Debug */ = {
			isa = XCBuildConfiguration;
			buildSettings = {
				ASSETCATALOG_COMPILER_GLOBAL_ACCENT_COLOR_NAME = AccentColor;
				ASSETCATALOG_COMPILER_WIDGET_BACKGROUND_COLOR_NAME = WidgetBackground;
				CODE_SIGN_STYLE = Automatic;
				CURRENT_PROJECT_VERSION = 1;
				DEVELOPMENT_TEAM = 9L6T99V452;
				GENERATE_INFOPLIST_FILE = YES;
				INFOPLIST_FILE = ViewSizeWidget/Info.plist;
				INFOPLIST_KEY_CFBundleDisplayName = ViewSizeWidget;
				INFOPLIST_KEY_NSHumanReadableCopyright = "";
				LD_RUNPATH_SEARCH_PATHS = (
					"$(inherited)",
					"@executable_path/Frameworks",
					"@executable_path/../../Frameworks",
				);
				MARKETING_VERSION = 1.0;
				PRODUCT_BUNDLE_IDENTIFIER = "allen.Cocktail-SwiftUI.ViewSizeWidget";
				PRODUCT_NAME = "$(TARGET_NAME)";
				SKIP_INSTALL = YES;
				SWIFT_EMIT_LOC_STRINGS = YES;
				SWIFT_VERSION = 5.0;
				TARGETED_DEVICE_FAMILY = "1,2";
			};
			name = Debug;
		};
		9FE8C0FA29C05254005868C7 /* Release */ = {
			isa = XCBuildConfiguration;
			buildSettings = {
				ASSETCATALOG_COMPILER_GLOBAL_ACCENT_COLOR_NAME = AccentColor;
				ASSETCATALOG_COMPILER_WIDGET_BACKGROUND_COLOR_NAME = WidgetBackground;
				CODE_SIGN_STYLE = Automatic;
				CURRENT_PROJECT_VERSION = 1;
				DEVELOPMENT_TEAM = 9L6T99V452;
				GENERATE_INFOPLIST_FILE = YES;
				INFOPLIST_FILE = ViewSizeWidget/Info.plist;
				INFOPLIST_KEY_CFBundleDisplayName = ViewSizeWidget;
				INFOPLIST_KEY_NSHumanReadableCopyright = "";
				LD_RUNPATH_SEARCH_PATHS = (
					"$(inherited)",
					"@executable_path/Frameworks",
					"@executable_path/../../Frameworks",
				);
				MARKETING_VERSION = 1.0;
				PRODUCT_BUNDLE_IDENTIFIER = "allen.Cocktail-SwiftUI.ViewSizeWidget";
				PRODUCT_NAME = "$(TARGET_NAME)";
				SKIP_INSTALL = YES;
				SWIFT_EMIT_LOC_STRINGS = YES;
				SWIFT_VERSION = 5.0;
				TARGETED_DEVICE_FAMILY = "1,2";
			};
			name = Release;
		};
/* End XCBuildConfiguration section */

/* Begin XCConfigurationList section */
		9F7BFCAA29BB30D9008BE36F /* Build configuration list for PBXProject "Cocktail_SwiftUI" */ = {
			isa = XCConfigurationList;
			buildConfigurations = (
				9F7BFCBB29BB30DE008BE36F /* Debug */,
				9F7BFCBC29BB30DE008BE36F /* Release */,
			);
			defaultConfigurationIsVisible = 0;
			defaultConfigurationName = Release;
		};
		9F7BFCBD29BB30DE008BE36F /* Build configuration list for PBXNativeTarget "Cocktail_SwiftUI" */ = {
			isa = XCConfigurationList;
			buildConfigurations = (
				9F7BFCBE29BB30DE008BE36F /* Debug */,
				9F7BFCBF29BB30DE008BE36F /* Release */,
			);
			defaultConfigurationIsVisible = 0;
			defaultConfigurationName = Release;
		};
		9FE8C0F829C05254005868C7 /* Build configuration list for PBXNativeTarget "ViewSizeWidgetExtension" */ = {
			isa = XCConfigurationList;
			buildConfigurations = (
				9FE8C0F929C05254005868C7 /* Debug */,
				9FE8C0FA29C05254005868C7 /* Release */,
			);
			defaultConfigurationIsVisible = 0;
			defaultConfigurationName = Release;
		};
/* End XCConfigurationList section */
	};
	rootObject = 9F7BFCA729BB30D9008BE36F /* Project object */;
}
